// !$*UTF8*$!
{
	archiveVersion = 1;
	classes = {
	};
	objectVersion = 55;
	objects = {

/* Begin PBXBuildFile section */
		3069F0B2A2A626BF81D2CA53 /* Pods_PhotosChallenge_PhotosChallengeUITests.framework in Frameworks */ = {isa = PBXBuildFile; fileRef = A602B442C03AE825FAC930C6 /* Pods_PhotosChallenge_PhotosChallengeUITests.framework */; };
		98C0E60328356E47005C0F2B /* AppDelegate.swift in Sources */ = {isa = PBXBuildFile; fileRef = 98C0E60228356E47005C0F2B /* AppDelegate.swift */; };
		98C0E60528356E47005C0F2B /* SceneDelegate.swift in Sources */ = {isa = PBXBuildFile; fileRef = 98C0E60428356E47005C0F2B /* SceneDelegate.swift */; };
		98C0E60728356E47005C0F2B /* PhotosViewController.swift in Sources */ = {isa = PBXBuildFile; fileRef = 98C0E60628356E47005C0F2B /* PhotosViewController.swift */; };
		98C0E60A28356E47005C0F2B /* Main.storyboard in Resources */ = {isa = PBXBuildFile; fileRef = 98C0E60828356E47005C0F2B /* Main.storyboard */; };
		98C0E60D28356E47005C0F2B /* PhotosChallenge.xcdatamodeld in Sources */ = {isa = PBXBuildFile; fileRef = 98C0E60B28356E47005C0F2B /* PhotosChallenge.xcdatamodeld */; };
		98C0E60F28356E49005C0F2B /* Assets.xcassets in Resources */ = {isa = PBXBuildFile; fileRef = 98C0E60E28356E49005C0F2B /* Assets.xcassets */; };
		98C0E61228356E49005C0F2B /* LaunchScreen.storyboard in Resources */ = {isa = PBXBuildFile; fileRef = 98C0E61028356E49005C0F2B /* LaunchScreen.storyboard */; };
		98C0E61D28356E4A005C0F2B /* PhotosChallengeTests.swift in Sources */ = {isa = PBXBuildFile; fileRef = 98C0E61C28356E4A005C0F2B /* PhotosChallengeTests.swift */; };
		98C0E62728356E4A005C0F2B /* PhotosChallengeUITests.swift in Sources */ = {isa = PBXBuildFile; fileRef = 98C0E62628356E4A005C0F2B /* PhotosChallengeUITests.swift */; };
		98C0E62928356E4A005C0F2B /* PhotosChallengeUITestsLaunchTests.swift in Sources */ = {isa = PBXBuildFile; fileRef = 98C0E62828356E4A005C0F2B /* PhotosChallengeUITestsLaunchTests.swift */; };
		98C0E63D283577DC005C0F2B /* Photo.swift in Sources */ = {isa = PBXBuildFile; fileRef = 98C0E63A283577DC005C0F2B /* Photo.swift */; };
		98C0E63E283577DC005C0F2B /* PhotosModel.swift in Sources */ = {isa = PBXBuildFile; fileRef = 98C0E63B283577DC005C0F2B /* PhotosModel.swift */; };
		98C0E63F283577DC005C0F2B /* Photos.swift in Sources */ = {isa = PBXBuildFile; fileRef = 98C0E63C283577DC005C0F2B /* Photos.swift */; };
		98C0E64128357827005C0F2B /* ApiServices.swift in Sources */ = {isa = PBXBuildFile; fileRef = 98C0E64028357827005C0F2B /* ApiServices.swift */; };
		98C0E644283578EF005C0F2B /* PhotosTVCell.swift in Sources */ = {isa = PBXBuildFile; fileRef = 98C0E643283578EF005C0F2B /* PhotosTVCell.swift */; };
		98C0E64628357926005C0F2B /* PhotosViewModel.swift in Sources */ = {isa = PBXBuildFile; fileRef = 98C0E64528357926005C0F2B /* PhotosViewModel.swift */; };
		98C0E649283589CB005C0F2B /* PhotoModelPresentation.swift in Sources */ = {isa = PBXBuildFile; fileRef = 98C0E648283589CB005C0F2B /* PhotoModelPresentation.swift */; };
		98C0E64B283597CF005C0F2B /* UIImageView+Ext.swift in Sources */ = {isa = PBXBuildFile; fileRef = 98C0E64A283597CF005C0F2B /* UIImageView+Ext.swift */; };
		98C0E64D283597E7005C0F2B /* Rxswift+Extension.swift in Sources */ = {isa = PBXBuildFile; fileRef = 98C0E64C283597E7005C0F2B /* Rxswift+Extension.swift */; };
		98C0E65028359825005C0F2B /* Activity.swift in Sources */ = {isa = PBXBuildFile; fileRef = 98C0E64F28359825005C0F2B /* Activity.swift */; };
		98C0E65328359A8B005C0F2B /* PhotoShowViewController.swift in Sources */ = {isa = PBXBuildFile; fileRef = 98C0E65228359A8B005C0F2B /* PhotoShowViewController.swift */; };
		98C0E6552835B734005C0F2B /* AdBannerTVCell.swift in Sources */ = {isa = PBXBuildFile; fileRef = 98C0E6542835B734005C0F2B /* AdBannerTVCell.swift */; };
		D417FF5F61076488D8557C75 /* Pods_PhotosChallengeTests.framework in Frameworks */ = {isa = PBXBuildFile; fileRef = B03E3F5C11B97743A3567179 /* Pods_PhotosChallengeTests.framework */; };
		EB3D487AA30BFF58ADDEDE65 /* Pods_PhotosChallenge.framework in Frameworks */ = {isa = PBXBuildFile; fileRef = 048FC4AB00D86F8F739BF146 /* Pods_PhotosChallenge.framework */; };
/* End PBXBuildFile section */

/* Begin PBXContainerItemProxy section */
		98C0E61928356E4A005C0F2B /* PBXContainerItemProxy */ = {
			isa = PBXContainerItemProxy;
			containerPortal = 98C0E5F728356E47005C0F2B /* Project object */;
			proxyType = 1;
			remoteGlobalIDString = 98C0E5FE28356E47005C0F2B;
			remoteInfo = PhotosChallenge;
		};
		98C0E62328356E4A005C0F2B /* PBXContainerItemProxy */ = {
			isa = PBXContainerItemProxy;
			containerPortal = 98C0E5F728356E47005C0F2B /* Project object */;
			proxyType = 1;
			remoteGlobalIDString = 98C0E5FE28356E47005C0F2B;
			remoteInfo = PhotosChallenge;
		};
/* End PBXContainerItemProxy section */

/* Begin PBXFileReference section */
		048FC4AB00D86F8F739BF146 /* Pods_PhotosChallenge.framework */ = {isa = PBXFileReference; explicitFileType = wrapper.framework; includeInIndex = 0; path = Pods_PhotosChallenge.framework; sourceTree = BUILT_PRODUCTS_DIR; };
		1EDBA0E0CDB4F0DBFE1F3DBC /* Pods-PhotosChallenge.debug.xcconfig */ = {isa = PBXFileReference; includeInIndex = 1; lastKnownFileType = text.xcconfig; name = "Pods-PhotosChallenge.debug.xcconfig"; path = "Target Support Files/Pods-PhotosChallenge/Pods-PhotosChallenge.debug.xcconfig"; sourceTree = "<group>"; };
		3331CE3DECF77E464D82B49B /* Pods-PhotosChallengeTests.release.xcconfig */ = {isa = PBXFileReference; includeInIndex = 1; lastKnownFileType = text.xcconfig; name = "Pods-PhotosChallengeTests.release.xcconfig"; path = "Target Support Files/Pods-PhotosChallengeTests/Pods-PhotosChallengeTests.release.xcconfig"; sourceTree = "<group>"; };
		3D6358C50520058020926B48 /* Pods-PhotosChallenge.release.xcconfig */ = {isa = PBXFileReference; includeInIndex = 1; lastKnownFileType = text.xcconfig; name = "Pods-PhotosChallenge.release.xcconfig"; path = "Target Support Files/Pods-PhotosChallenge/Pods-PhotosChallenge.release.xcconfig"; sourceTree = "<group>"; };
		7DEDB1853D8E74F3BDDC4564 /* Pods-PhotosChallenge-PhotosChallengeUITests.debug.xcconfig */ = {isa = PBXFileReference; includeInIndex = 1; lastKnownFileType = text.xcconfig; name = "Pods-PhotosChallenge-PhotosChallengeUITests.debug.xcconfig"; path = "Target Support Files/Pods-PhotosChallenge-PhotosChallengeUITests/Pods-PhotosChallenge-PhotosChallengeUITests.debug.xcconfig"; sourceTree = "<group>"; };
		98C0E5FF28356E47005C0F2B /* PhotosChallenge.app */ = {isa = PBXFileReference; explicitFileType = wrapper.application; includeInIndex = 0; path = PhotosChallenge.app; sourceTree = BUILT_PRODUCTS_DIR; };
		98C0E60228356E47005C0F2B /* AppDelegate.swift */ = {isa = PBXFileReference; lastKnownFileType = sourcecode.swift; path = AppDelegate.swift; sourceTree = "<group>"; };
		98C0E60428356E47005C0F2B /* SceneDelegate.swift */ = {isa = PBXFileReference; lastKnownFileType = sourcecode.swift; path = SceneDelegate.swift; sourceTree = "<group>"; };
		98C0E60628356E47005C0F2B /* PhotosViewController.swift */ = {isa = PBXFileReference; lastKnownFileType = sourcecode.swift; path = PhotosViewController.swift; sourceTree = "<group>"; };
		98C0E60928356E47005C0F2B /* Base */ = {isa = PBXFileReference; lastKnownFileType = file.storyboard; name = Base; path = Base.lproj/Main.storyboard; sourceTree = "<group>"; };
		98C0E60C28356E47005C0F2B /* PhotosChallenge.xcdatamodel */ = {isa = PBXFileReference; lastKnownFileType = wrapper.xcdatamodel; path = PhotosChallenge.xcdatamodel; sourceTree = "<group>"; };
		98C0E60E28356E49005C0F2B /* Assets.xcassets */ = {isa = PBXFileReference; lastKnownFileType = folder.assetcatalog; path = Assets.xcassets; sourceTree = "<group>"; };
		98C0E61128356E49005C0F2B /* Base */ = {isa = PBXFileReference; lastKnownFileType = file.storyboard; name = Base; path = Base.lproj/LaunchScreen.storyboard; sourceTree = "<group>"; };
		98C0E61328356E49005C0F2B /* Info.plist */ = {isa = PBXFileReference; lastKnownFileType = text.plist.xml; path = Info.plist; sourceTree = "<group>"; };
		98C0E61828356E49005C0F2B /* PhotosChallengeTests.xctest */ = {isa = PBXFileReference; explicitFileType = wrapper.cfbundle; includeInIndex = 0; path = PhotosChallengeTests.xctest; sourceTree = BUILT_PRODUCTS_DIR; };
		98C0E61C28356E4A005C0F2B /* PhotosChallengeTests.swift */ = {isa = PBXFileReference; lastKnownFileType = sourcecode.swift; path = PhotosChallengeTests.swift; sourceTree = "<group>"; };
		98C0E62228356E4A005C0F2B /* PhotosChallengeUITests.xctest */ = {isa = PBXFileReference; explicitFileType = wrapper.cfbundle; includeInIndex = 0; path = PhotosChallengeUITests.xctest; sourceTree = BUILT_PRODUCTS_DIR; };
		98C0E62628356E4A005C0F2B /* PhotosChallengeUITests.swift */ = {isa = PBXFileReference; lastKnownFileType = sourcecode.swift; path = PhotosChallengeUITests.swift; sourceTree = "<group>"; };
		98C0E62828356E4A005C0F2B /* PhotosChallengeUITestsLaunchTests.swift */ = {isa = PBXFileReference; lastKnownFileType = sourcecode.swift; path = PhotosChallengeUITestsLaunchTests.swift; sourceTree = "<group>"; };
		98C0E63A283577DC005C0F2B /* Photo.swift */ = {isa = PBXFileReference; fileEncoding = 4; lastKnownFileType = sourcecode.swift; path = Photo.swift; sourceTree = "<group>"; };
		98C0E63B283577DC005C0F2B /* PhotosModel.swift */ = {isa = PBXFileReference; fileEncoding = 4; lastKnownFileType = sourcecode.swift; path = PhotosModel.swift; sourceTree = "<group>"; };
		98C0E63C283577DC005C0F2B /* Photos.swift */ = {isa = PBXFileReference; fileEncoding = 4; lastKnownFileType = sourcecode.swift; path = Photos.swift; sourceTree = "<group>"; };
		98C0E64028357827005C0F2B /* ApiServices.swift */ = {isa = PBXFileReference; lastKnownFileType = sourcecode.swift; path = ApiServices.swift; sourceTree = "<group>"; };
		98C0E643283578EF005C0F2B /* PhotosTVCell.swift */ = {isa = PBXFileReference; lastKnownFileType = sourcecode.swift; path = PhotosTVCell.swift; sourceTree = "<group>"; };
		98C0E64528357926005C0F2B /* PhotosViewModel.swift */ = {isa = PBXFileReference; lastKnownFileType = sourcecode.swift; path = PhotosViewModel.swift; sourceTree = "<group>"; };
		98C0E648283589CB005C0F2B /* PhotoModelPresentation.swift */ = {isa = PBXFileReference; lastKnownFileType = sourcecode.swift; path = PhotoModelPresentation.swift; sourceTree = "<group>"; };
		98C0E64A283597CF005C0F2B /* UIImageView+Ext.swift */ = {isa = PBXFileReference; lastKnownFileType = sourcecode.swift; path = "UIImageView+Ext.swift"; sourceTree = "<group>"; };
		98C0E64C283597E7005C0F2B /* Rxswift+Extension.swift */ = {isa = PBXFileReference; lastKnownFileType = sourcecode.swift; path = "Rxswift+Extension.swift"; sourceTree = "<group>"; };
		98C0E64F28359825005C0F2B /* Activity.swift */ = {isa = PBXFileReference; lastKnownFileType = sourcecode.swift; path = Activity.swift; sourceTree = "<group>"; };
		98C0E65228359A8B005C0F2B /* PhotoShowViewController.swift */ = {isa = PBXFileReference; lastKnownFileType = sourcecode.swift; path = PhotoShowViewController.swift; sourceTree = "<group>"; };
		98C0E6542835B734005C0F2B /* AdBannerTVCell.swift */ = {isa = PBXFileReference; lastKnownFileType = sourcecode.swift; path = AdBannerTVCell.swift; sourceTree = "<group>"; };
		9AC3CD9DD145D474D54B2155 /* Pods-PhotosChallenge-PhotosChallengeUITests.release.xcconfig */ = {isa = PBXFileReference; includeInIndex = 1; lastKnownFileType = text.xcconfig; name = "Pods-PhotosChallenge-PhotosChallengeUITests.release.xcconfig"; path = "Target Support Files/Pods-PhotosChallenge-PhotosChallengeUITests/Pods-PhotosChallenge-PhotosChallengeUITests.release.xcconfig"; sourceTree = "<group>"; };
		A602B442C03AE825FAC930C6 /* Pods_PhotosChallenge_PhotosChallengeUITests.framework */ = {isa = PBXFileReference; explicitFileType = wrapper.framework; includeInIndex = 0; path = Pods_PhotosChallenge_PhotosChallengeUITests.framework; sourceTree = BUILT_PRODUCTS_DIR; };
		B03E3F5C11B97743A3567179 /* Pods_PhotosChallengeTests.framework */ = {isa = PBXFileReference; explicitFileType = wrapper.framework; includeInIndex = 0; path = Pods_PhotosChallengeTests.framework; sourceTree = BUILT_PRODUCTS_DIR; };
		EF4AD5EB7981A694B6B1044E /* Pods-PhotosChallengeTests.debug.xcconfig */ = {isa = PBXFileReference; includeInIndex = 1; lastKnownFileType = text.xcconfig; name = "Pods-PhotosChallengeTests.debug.xcconfig"; path = "Target Support Files/Pods-PhotosChallengeTests/Pods-PhotosChallengeTests.debug.xcconfig"; sourceTree = "<group>"; };
/* End PBXFileReference section */

/* Begin PBXFrameworksBuildPhase section */
		98C0E5FC28356E47005C0F2B /* Frameworks */ = {
			isa = PBXFrameworksBuildPhase;
			buildActionMask = 2147483647;
			files = (
				EB3D487AA30BFF58ADDEDE65 /* Pods_PhotosChallenge.framework in Frameworks */,
			);
			runOnlyForDeploymentPostprocessing = 0;
		};
		98C0E61528356E49005C0F2B /* Frameworks */ = {
			isa = PBXFrameworksBuildPhase;
			buildActionMask = 2147483647;
			files = (
				D417FF5F61076488D8557C75 /* Pods_PhotosChallengeTests.framework in Frameworks */,
			);
			runOnlyForDeploymentPostprocessing = 0;
		};
		98C0E61F28356E4A005C0F2B /* Frameworks */ = {
			isa = PBXFrameworksBuildPhase;
			buildActionMask = 2147483647;
			files = (
				3069F0B2A2A626BF81D2CA53 /* Pods_PhotosChallenge_PhotosChallengeUITests.framework in Frameworks */,
			);
			runOnlyForDeploymentPostprocessing = 0;
		};
/* End PBXFrameworksBuildPhase section */

/* Begin PBXGroup section */
		5BB2324F785F945E0D1C59B9 /* Frameworks */ = {
			isa = PBXGroup;
			children = (
				048FC4AB00D86F8F739BF146 /* Pods_PhotosChallenge.framework */,
				A602B442C03AE825FAC930C6 /* Pods_PhotosChallenge_PhotosChallengeUITests.framework */,
				B03E3F5C11B97743A3567179 /* Pods_PhotosChallengeTests.framework */,
			);
			name = Frameworks;
			sourceTree = "<group>";
		};
		98C0E5F628356E47005C0F2B = {
			isa = PBXGroup;
			children = (
				98C0E60128356E47005C0F2B /* PhotosChallenge */,
				98C0E61B28356E4A005C0F2B /* PhotosChallengeTests */,
				98C0E62528356E4A005C0F2B /* PhotosChallengeUITests */,
				98C0E60028356E47005C0F2B /* Products */,
				C3444CDD1A2CA26E7A1DBB02 /* Pods */,
				5BB2324F785F945E0D1C59B9 /* Frameworks */,
			);
			sourceTree = "<group>";
		};
		98C0E60028356E47005C0F2B /* Products */ = {
			isa = PBXGroup;
			children = (
				98C0E5FF28356E47005C0F2B /* PhotosChallenge.app */,
				98C0E61828356E49005C0F2B /* PhotosChallengeTests.xctest */,
				98C0E62228356E4A005C0F2B /* PhotosChallengeUITests.xctest */,
			);
			name = Products;
			sourceTree = "<group>";
		};
		98C0E60128356E47005C0F2B /* PhotosChallenge */ = {
			isa = PBXGroup;
			children = (
				98C0E64E28359814005C0F2B /* Helper */,
				98C0E647283589A6005C0F2B /* Presentations */,
				98C0E6372835770D005C0F2B /* Models */,
				98C0E636283576FD005C0F2B /* Extensions */,
				98C0E635283576ED005C0F2B /* Networking */,
				98C0E63828357725005C0F2B /* Screens */,
				98C0E60228356E47005C0F2B /* AppDelegate.swift */,
				98C0E60428356E47005C0F2B /* SceneDelegate.swift */,
				98C0E60828356E47005C0F2B /* Main.storyboard */,
				98C0E60E28356E49005C0F2B /* Assets.xcassets */,
				98C0E61028356E49005C0F2B /* LaunchScreen.storyboard */,
				98C0E61328356E49005C0F2B /* Info.plist */,
				98C0E60B28356E47005C0F2B /* PhotosChallenge.xcdatamodeld */,
			);
			path = PhotosChallenge;
			sourceTree = "<group>";
		};
		98C0E61B28356E4A005C0F2B /* PhotosChallengeTests */ = {
			isa = PBXGroup;
			children = (
				98C0E61C28356E4A005C0F2B /* PhotosChallengeTests.swift */,
			);
			path = PhotosChallengeTests;
			sourceTree = "<group>";
		};
		98C0E62528356E4A005C0F2B /* PhotosChallengeUITests */ = {
			isa = PBXGroup;
			children = (
				98C0E62628356E4A005C0F2B /* PhotosChallengeUITests.swift */,
				98C0E62828356E4A005C0F2B /* PhotosChallengeUITestsLaunchTests.swift */,
			);
			path = PhotosChallengeUITests;
			sourceTree = "<group>";
		};
		98C0E635283576ED005C0F2B /* Networking */ = {
			isa = PBXGroup;
			children = (
				98C0E64028357827005C0F2B /* ApiServices.swift */,
			);
			path = Networking;
			sourceTree = "<group>";
		};
		98C0E636283576FD005C0F2B /* Extensions */ = {
			isa = PBXGroup;
			children = (
				98C0E64A283597CF005C0F2B /* UIImageView+Ext.swift */,
				98C0E64C283597E7005C0F2B /* Rxswift+Extension.swift */,
			);
			path = Extensions;
			sourceTree = "<group>";
		};
		98C0E6372835770D005C0F2B /* Models */ = {
			isa = PBXGroup;
			children = (
				98C0E63B283577DC005C0F2B /* PhotosModel.swift */,
				98C0E63C283577DC005C0F2B /* Photos.swift */,
				98C0E63A283577DC005C0F2B /* Photo.swift */,
			);
			path = Models;
			sourceTree = "<group>";
		};
		98C0E63828357725005C0F2B /* Screens */ = {
			isa = PBXGroup;
			children = (
				98C0E65128359A5A005C0F2B /* PhotoShow */,
				98C0E63928357752005C0F2B /* Photos */,
			);
			path = Screens;
			sourceTree = "<group>";
		};
		98C0E63928357752005C0F2B /* Photos */ = {
			isa = PBXGroup;
			children = (
				98C0E642283578DD005C0F2B /* Cells */,
				98C0E60628356E47005C0F2B /* PhotosViewController.swift */,
				98C0E64528357926005C0F2B /* PhotosViewModel.swift */,
			);
			path = Photos;
			sourceTree = "<group>";
		};
		98C0E642283578DD005C0F2B /* Cells */ = {
			isa = PBXGroup;
			children = (
				98C0E643283578EF005C0F2B /* PhotosTVCell.swift */,
				98C0E6542835B734005C0F2B /* AdBannerTVCell.swift */,
			);
			path = Cells;
			sourceTree = "<group>";
		};
		98C0E647283589A6005C0F2B /* Presentations */ = {
			isa = PBXGroup;
			children = (
				98C0E648283589CB005C0F2B /* PhotoModelPresentation.swift */,
			);
			path = Presentations;
			sourceTree = "<group>";
		};
		98C0E64E28359814005C0F2B /* Helper */ = {
			isa = PBXGroup;
			children = (
				98C0E64F28359825005C0F2B /* Activity.swift */,
			);
			path = Helper;
			sourceTree = "<group>";
		};
		98C0E65128359A5A005C0F2B /* PhotoShow */ = {
			isa = PBXGroup;
			children = (
				98C0E65228359A8B005C0F2B /* PhotoShowViewController.swift */,
			);
			path = PhotoShow;
			sourceTree = "<group>";
		};
		C3444CDD1A2CA26E7A1DBB02 /* Pods */ = {
			isa = PBXGroup;
			children = (
				1EDBA0E0CDB4F0DBFE1F3DBC /* Pods-PhotosChallenge.debug.xcconfig */,
				3D6358C50520058020926B48 /* Pods-PhotosChallenge.release.xcconfig */,
				7DEDB1853D8E74F3BDDC4564 /* Pods-PhotosChallenge-PhotosChallengeUITests.debug.xcconfig */,
				9AC3CD9DD145D474D54B2155 /* Pods-PhotosChallenge-PhotosChallengeUITests.release.xcconfig */,
				EF4AD5EB7981A694B6B1044E /* Pods-PhotosChallengeTests.debug.xcconfig */,
				3331CE3DECF77E464D82B49B /* Pods-PhotosChallengeTests.release.xcconfig */,
			);
			path = Pods;
			sourceTree = "<group>";
		};
/* End PBXGroup section */

/* Begin PBXNativeTarget section */
		98C0E5FE28356E47005C0F2B /* PhotosChallenge */ = {
			isa = PBXNativeTarget;
			buildConfigurationList = 98C0E62C28356E4A005C0F2B /* Build configuration list for PBXNativeTarget "PhotosChallenge" */;
			buildPhases = (
				3A6F339F4F058DD1D31F4370 /* [CP] Check Pods Manifest.lock */,
				98C0E5FB28356E47005C0F2B /* Sources */,
				98C0E5FC28356E47005C0F2B /* Frameworks */,
				98C0E5FD28356E47005C0F2B /* Resources */,
				3A8ED98F4C5D6FD0BCC4434C /* [CP] Embed Pods Frameworks */,
			);
			buildRules = (
			);
			dependencies = (
			);
			name = PhotosChallenge;
			productName = PhotosChallenge;
			productReference = 98C0E5FF28356E47005C0F2B /* PhotosChallenge.app */;
			productType = "com.apple.product-type.application";
		};
		98C0E61728356E49005C0F2B /* PhotosChallengeTests */ = {
			isa = PBXNativeTarget;
			buildConfigurationList = 98C0E62F28356E4A005C0F2B /* Build configuration list for PBXNativeTarget "PhotosChallengeTests" */;
			buildPhases = (
				0AAB0817915C88DD28053A0A /* [CP] Check Pods Manifest.lock */,
				98C0E61428356E49005C0F2B /* Sources */,
				98C0E61528356E49005C0F2B /* Frameworks */,
				98C0E61628356E49005C0F2B /* Resources */,
			);
			buildRules = (
			);
			dependencies = (
				98C0E61A28356E4A005C0F2B /* PBXTargetDependency */,
			);
			name = PhotosChallengeTests;
			productName = PhotosChallengeTests;
			productReference = 98C0E61828356E49005C0F2B /* PhotosChallengeTests.xctest */;
			productType = "com.apple.product-type.bundle.unit-test";
		};
		98C0E62128356E4A005C0F2B /* PhotosChallengeUITests */ = {
			isa = PBXNativeTarget;
			buildConfigurationList = 98C0E63228356E4A005C0F2B /* Build configuration list for PBXNativeTarget "PhotosChallengeUITests" */;
			buildPhases = (
				A86A520BDD2EEDC5093C778D /* [CP] Check Pods Manifest.lock */,
				98C0E61E28356E4A005C0F2B /* Sources */,
				98C0E61F28356E4A005C0F2B /* Frameworks */,
				98C0E62028356E4A005C0F2B /* Resources */,
				726248C199499A3821DDADCA /* [CP] Embed Pods Frameworks */,
			);
			buildRules = (
			);
			dependencies = (
				98C0E62428356E4A005C0F2B /* PBXTargetDependency */,
			);
			name = PhotosChallengeUITests;
			productName = PhotosChallengeUITests;
			productReference = 98C0E62228356E4A005C0F2B /* PhotosChallengeUITests.xctest */;
			productType = "com.apple.product-type.bundle.ui-testing";
		};
/* End PBXNativeTarget section */

/* Begin PBXProject section */
		98C0E5F728356E47005C0F2B /* Project object */ = {
			isa = PBXProject;
			attributes = {
				BuildIndependentTargetsInParallel = 1;
				LastSwiftUpdateCheck = 1330;
				LastUpgradeCheck = 1330;
				TargetAttributes = {
					98C0E5FE28356E47005C0F2B = {
						CreatedOnToolsVersion = 13.3;
					};
					98C0E61728356E49005C0F2B = {
						CreatedOnToolsVersion = 13.3;
						TestTargetID = 98C0E5FE28356E47005C0F2B;
					};
					98C0E62128356E4A005C0F2B = {
						CreatedOnToolsVersion = 13.3;
						TestTargetID = 98C0E5FE28356E47005C0F2B;
					};
				};
			};
			buildConfigurationList = 98C0E5FA28356E47005C0F2B /* Build configuration list for PBXProject "PhotosChallenge" */;
			compatibilityVersion = "Xcode 13.0";
			developmentRegion = en;
			hasScannedForEncodings = 0;
			knownRegions = (
				en,
				Base,
			);
			mainGroup = 98C0E5F628356E47005C0F2B;
			productRefGroup = 98C0E60028356E47005C0F2B /* Products */;
			projectDirPath = "";
			projectRoot = "";
			targets = (
				98C0E5FE28356E47005C0F2B /* PhotosChallenge */,
				98C0E61728356E49005C0F2B /* PhotosChallengeTests */,
				98C0E62128356E4A005C0F2B /* PhotosChallengeUITests */,
			);
		};
/* End PBXProject section */

/* Begin PBXResourcesBuildPhase section */
		98C0E5FD28356E47005C0F2B /* Resources */ = {
			isa = PBXResourcesBuildPhase;
			buildActionMask = 2147483647;
			files = (
				98C0E61228356E49005C0F2B /* LaunchScreen.storyboard in Resources */,
				98C0E60F28356E49005C0F2B /* Assets.xcassets in Resources */,
				98C0E60A28356E47005C0F2B /* Main.storyboard in Resources */,
			);
			runOnlyForDeploymentPostprocessing = 0;
		};
		98C0E61628356E49005C0F2B /* Resources */ = {
			isa = PBXResourcesBuildPhase;
			buildActionMask = 2147483647;
			files = (
			);
			runOnlyForDeploymentPostprocessing = 0;
		};
		98C0E62028356E4A005C0F2B /* Resources */ = {
			isa = PBXResourcesBuildPhase;
			buildActionMask = 2147483647;
			files = (
			);
			runOnlyForDeploymentPostprocessing = 0;
		};
/* End PBXResourcesBuildPhase section */

/* Begin PBXShellScriptBuildPhase section */
		0AAB0817915C88DD28053A0A /* [CP] Check Pods Manifest.lock */ = {
			isa = PBXShellScriptBuildPhase;
			buildActionMask = 2147483647;
			files = (
			);
			inputFileListPaths = (
			);
			inputPaths = (
				"${PODS_PODFILE_DIR_PATH}/Podfile.lock",
				"${PODS_ROOT}/Manifest.lock",
			);
			name = "[CP] Check Pods Manifest.lock";
			outputFileListPaths = (
			);
			outputPaths = (
				"$(DERIVED_FILE_DIR)/Pods-PhotosChallengeTests-checkManifestLockResult.txt",
			);
			runOnlyForDeploymentPostprocessing = 0;
			shellPath = /bin/sh;
			shellScript = "diff \"${PODS_PODFILE_DIR_PATH}/Podfile.lock\" \"${PODS_ROOT}/Manifest.lock\" > /dev/null\nif [ $? != 0 ] ; then\n    # print error to STDERR\n    echo \"error: The sandbox is not in sync with the Podfile.lock. Run 'pod install' or update your CocoaPods installation.\" >&2\n    exit 1\nfi\n# This output is used by Xcode 'outputs' to avoid re-running this script phase.\necho \"SUCCESS\" > \"${SCRIPT_OUTPUT_FILE_0}\"\n";
			showEnvVarsInLog = 0;
		};
		3A6F339F4F058DD1D31F4370 /* [CP] Check Pods Manifest.lock */ = {
			isa = PBXShellScriptBuildPhase;
			buildActionMask = 2147483647;
			files = (
			);
			inputFileListPaths = (
			);
			inputPaths = (
				"${PODS_PODFILE_DIR_PATH}/Podfile.lock",
				"${PODS_ROOT}/Manifest.lock",
			);
			name = "[CP] Check Pods Manifest.lock";
			outputFileListPaths = (
			);
			outputPaths = (
				"$(DERIVED_FILE_DIR)/Pods-PhotosChallenge-checkManifestLockResult.txt",
			);
			runOnlyForDeploymentPostprocessing = 0;
			shellPath = /bin/sh;
			shellScript = "diff \"${PODS_PODFILE_DIR_PATH}/Podfile.lock\" \"${PODS_ROOT}/Manifest.lock\" > /dev/null\nif [ $? != 0 ] ; then\n    # print error to STDERR\n    echo \"error: The sandbox is not in sync with the Podfile.lock. Run 'pod install' or update your CocoaPods installation.\" >&2\n    exit 1\nfi\n# This output is used by Xcode 'outputs' to avoid re-running this script phase.\necho \"SUCCESS\" > \"${SCRIPT_OUTPUT_FILE_0}\"\n";
			showEnvVarsInLog = 0;
		};
		3A8ED98F4C5D6FD0BCC4434C /* [CP] Embed Pods Frameworks */ = {
			isa = PBXShellScriptBuildPhase;
			buildActionMask = 2147483647;
			files = (
			);
			inputFileListPaths = (
				"${PODS_ROOT}/Target Support Files/Pods-PhotosChallenge/Pods-PhotosChallenge-frameworks-${CONFIGURATION}-input-files.xcfilelist",
			);
			name = "[CP] Embed Pods Frameworks";
			outputFileListPaths = (
				"${PODS_ROOT}/Target Support Files/Pods-PhotosChallenge/Pods-PhotosChallenge-frameworks-${CONFIGURATION}-output-files.xcfilelist",
			);
			runOnlyForDeploymentPostprocessing = 0;
			shellPath = /bin/sh;
			shellScript = "\"${PODS_ROOT}/Target Support Files/Pods-PhotosChallenge/Pods-PhotosChallenge-frameworks.sh\"\n";
			showEnvVarsInLog = 0;
		};
		726248C199499A3821DDADCA /* [CP] Embed Pods Frameworks */ = {
			isa = PBXShellScriptBuildPhase;
			buildActionMask = 2147483647;
			files = (
			);
			inputFileListPaths = (
				"${PODS_ROOT}/Target Support Files/Pods-PhotosChallenge-PhotosChallengeUITests/Pods-PhotosChallenge-PhotosChallengeUITests-frameworks-${CONFIGURATION}-input-files.xcfilelist",
			);
			name = "[CP] Embed Pods Frameworks";
			outputFileListPaths = (
				"${PODS_ROOT}/Target Support Files/Pods-PhotosChallenge-PhotosChallengeUITests/Pods-PhotosChallenge-PhotosChallengeUITests-frameworks-${CONFIGURATION}-output-files.xcfilelist",
			);
			runOnlyForDeploymentPostprocessing = 0;
			shellPath = /bin/sh;
			shellScript = "\"${PODS_ROOT}/Target Support Files/Pods-PhotosChallenge-PhotosChallengeUITests/Pods-PhotosChallenge-PhotosChallengeUITests-frameworks.sh\"\n";
			showEnvVarsInLog = 0;
		};
		A86A520BDD2EEDC5093C778D /* [CP] Check Pods Manifest.lock */ = {
			isa = PBXShellScriptBuildPhase;
			buildActionMask = 2147483647;
			files = (
			);
			inputFileListPaths = (
			);
			inputPaths = (
				"${PODS_PODFILE_DIR_PATH}/Podfile.lock",
				"${PODS_ROOT}/Manifest.lock",
			);
			name = "[CP] Check Pods Manifest.lock";
			outputFileListPaths = (
			);
			outputPaths = (
				"$(DERIVED_FILE_DIR)/Pods-PhotosChallenge-PhotosChallengeUITests-checkManifestLockResult.txt",
			);
			runOnlyForDeploymentPostprocessing = 0;
			shellPath = /bin/sh;
			shellScript = "diff \"${PODS_PODFILE_DIR_PATH}/Podfile.lock\" \"${PODS_ROOT}/Manifest.lock\" > /dev/null\nif [ $? != 0 ] ; then\n    # print error to STDERR\n    echo \"error: The sandbox is not in sync with the Podfile.lock. Run 'pod install' or update your CocoaPods installation.\" >&2\n    exit 1\nfi\n# This output is used by Xcode 'outputs' to avoid re-running this script phase.\necho \"SUCCESS\" > \"${SCRIPT_OUTPUT_FILE_0}\"\n";
			showEnvVarsInLog = 0;
		};
/* End PBXShellScriptBuildPhase section */

/* Begin PBXSourcesBuildPhase section */
		98C0E5FB28356E47005C0F2B /* Sources */ = {
			isa = PBXSourcesBuildPhase;
			buildActionMask = 2147483647;
			files = (
				98C0E64B283597CF005C0F2B /* UIImageView+Ext.swift in Sources */,
				98C0E60D28356E47005C0F2B /* PhotosChallenge.xcdatamodeld in Sources */,
				98C0E65028359825005C0F2B /* Activity.swift in Sources */,
				98C0E60728356E47005C0F2B /* PhotosViewController.swift in Sources */,
				98C0E6552835B734005C0F2B /* AdBannerTVCell.swift in Sources */,
				98C0E649283589CB005C0F2B /* PhotoModelPresentation.swift in Sources */,
				98C0E64128357827005C0F2B /* ApiServices.swift in Sources */,
				98C0E60328356E47005C0F2B /* AppDelegate.swift in Sources */,
				98C0E60528356E47005C0F2B /* SceneDelegate.swift in Sources */,
				98C0E644283578EF005C0F2B /* PhotosTVCell.swift in Sources */,
				98C0E63D283577DC005C0F2B /* Photo.swift in Sources */,
				98C0E64D283597E7005C0F2B /* Rxswift+Extension.swift in Sources */,
				98C0E65328359A8B005C0F2B /* PhotoShowViewController.swift in Sources */,
				98C0E64628357926005C0F2B /* PhotosViewModel.swift in Sources */,
				98C0E63E283577DC005C0F2B /* PhotosModel.swift in Sources */,
				98C0E63F283577DC005C0F2B /* Photos.swift in Sources */,
			);
			runOnlyForDeploymentPostprocessing = 0;
		};
		98C0E61428356E49005C0F2B /* Sources */ = {
			isa = PBXSourcesBuildPhase;
			buildActionMask = 2147483647;
			files = (
				98C0E61D28356E4A005C0F2B /* PhotosChallengeTests.swift in Sources */,
			);
			runOnlyForDeploymentPostprocessing = 0;
		};
		98C0E61E28356E4A005C0F2B /* Sources */ = {
			isa = PBXSourcesBuildPhase;
			buildActionMask = 2147483647;
			files = (
				98C0E62728356E4A005C0F2B /* PhotosChallengeUITests.swift in Sources */,
				98C0E62928356E4A005C0F2B /* PhotosChallengeUITestsLaunchTests.swift in Sources */,
			);
			runOnlyForDeploymentPostprocessing = 0;
		};
/* End PBXSourcesBuildPhase section */

/* Begin PBXTargetDependency section */
		98C0E61A28356E4A005C0F2B /* PBXTargetDependency */ = {
			isa = PBXTargetDependency;
			target = 98C0E5FE28356E47005C0F2B /* PhotosChallenge */;
			targetProxy = 98C0E61928356E4A005C0F2B /* PBXContainerItemProxy */;
		};
		98C0E62428356E4A005C0F2B /* PBXTargetDependency */ = {
			isa = PBXTargetDependency;
			target = 98C0E5FE28356E47005C0F2B /* PhotosChallenge */;
			targetProxy = 98C0E62328356E4A005C0F2B /* PBXContainerItemProxy */;
		};
/* End PBXTargetDependency section */

/* Begin PBXVariantGroup section */
		98C0E60828356E47005C0F2B /* Main.storyboard */ = {
			isa = PBXVariantGroup;
			children = (
				98C0E60928356E47005C0F2B /* Base */,
			);
			name = Main.storyboard;
			sourceTree = "<group>";
		};
		98C0E61028356E49005C0F2B /* LaunchScreen.storyboard */ = {
			isa = PBXVariantGroup;
			children = (
				98C0E61128356E49005C0F2B /* Base */,
			);
			name = LaunchScreen.storyboard;
			sourceTree = "<group>";
		};
/* End PBXVariantGroup section */

/* Begin XCBuildConfiguration section */
		98C0E62A28356E4A005C0F2B /* Debug */ = {
			isa = XCBuildConfiguration;
			buildSettings = {
				ALWAYS_SEARCH_USER_PATHS = NO;
				CLANG_ANALYZER_NONNULL = YES;
				CLANG_ANALYZER_NUMBER_OBJECT_CONVERSION = YES_AGGRESSIVE;
				CLANG_CXX_LANGUAGE_STANDARD = "gnu++17";
				CLANG_ENABLE_MODULES = YES;
				CLANG_ENABLE_OBJC_ARC = YES;
				CLANG_ENABLE_OBJC_WEAK = YES;
				CLANG_WARN_BLOCK_CAPTURE_AUTORELEASING = YES;
				CLANG_WARN_BOOL_CONVERSION = YES;
				CLANG_WARN_COMMA = YES;
				CLANG_WARN_CONSTANT_CONVERSION = YES;
				CLANG_WARN_DEPRECATED_OBJC_IMPLEMENTATIONS = YES;
				CLANG_WARN_DIRECT_OBJC_ISA_USAGE = YES_ERROR;
				CLANG_WARN_DOCUMENTATION_COMMENTS = YES;
				CLANG_WARN_EMPTY_BODY = YES;
				CLANG_WARN_ENUM_CONVERSION = YES;
				CLANG_WARN_INFINITE_RECURSION = YES;
				CLANG_WARN_INT_CONVERSION = YES;
				CLANG_WARN_NON_LITERAL_NULL_CONVERSION = YES;
				CLANG_WARN_OBJC_IMPLICIT_RETAIN_SELF = YES;
				CLANG_WARN_OBJC_LITERAL_CONVERSION = YES;
				CLANG_WARN_OBJC_ROOT_CLASS = YES_ERROR;
				CLANG_WARN_QUOTED_INCLUDE_IN_FRAMEWORK_HEADER = YES;
				CLANG_WARN_RANGE_LOOP_ANALYSIS = YES;
				CLANG_WARN_STRICT_PROTOTYPES = YES;
				CLANG_WARN_SUSPICIOUS_MOVE = YES;
				CLANG_WARN_UNGUARDED_AVAILABILITY = YES_AGGRESSIVE;
				CLANG_WARN_UNREACHABLE_CODE = YES;
				CLANG_WARN__DUPLICATE_METHOD_MATCH = YES;
				COPY_PHASE_STRIP = NO;
				DEBUG_INFORMATION_FORMAT = dwarf;
				ENABLE_STRICT_OBJC_MSGSEND = YES;
				ENABLE_TESTABILITY = YES;
				GCC_C_LANGUAGE_STANDARD = gnu11;
				GCC_DYNAMIC_NO_PIC = NO;
				GCC_NO_COMMON_BLOCKS = YES;
				GCC_OPTIMIZATION_LEVEL = 0;
				GCC_PREPROCESSOR_DEFINITIONS = (
					"DEBUG=1",
					"$(inherited)",
				);
				GCC_WARN_64_TO_32_BIT_CONVERSION = YES;
				GCC_WARN_ABOUT_RETURN_TYPE = YES_ERROR;
				GCC_WARN_UNDECLARED_SELECTOR = YES;
				GCC_WARN_UNINITIALIZED_AUTOS = YES_AGGRESSIVE;
				GCC_WARN_UNUSED_FUNCTION = YES;
				GCC_WARN_UNUSED_VARIABLE = YES;
				IPHONEOS_DEPLOYMENT_TARGET = 15.4;
				MTL_ENABLE_DEBUG_INFO = INCLUDE_SOURCE;
				MTL_FAST_MATH = YES;
				ONLY_ACTIVE_ARCH = YES;
				SDKROOT = iphoneos;
				SWIFT_ACTIVE_COMPILATION_CONDITIONS = DEBUG;
				SWIFT_OPTIMIZATION_LEVEL = "-Onone";
			};
			name = Debug;
		};
		98C0E62B28356E4A005C0F2B /* Release */ = {
			isa = XCBuildConfiguration;
			buildSettings = {
				ALWAYS_SEARCH_USER_PATHS = NO;
				CLANG_ANALYZER_NONNULL = YES;
				CLANG_ANALYZER_NUMBER_OBJECT_CONVERSION = YES_AGGRESSIVE;
				CLANG_CXX_LANGUAGE_STANDARD = "gnu++17";
				CLANG_ENABLE_MODULES = YES;
				CLANG_ENABLE_OBJC_ARC = YES;
				CLANG_ENABLE_OBJC_WEAK = YES;
				CLANG_WARN_BLOCK_CAPTURE_AUTORELEASING = YES;
				CLANG_WARN_BOOL_CONVERSION = YES;
				CLANG_WARN_COMMA = YES;
				CLANG_WARN_CONSTANT_CONVERSION = YES;
				CLANG_WARN_DEPRECATED_OBJC_IMPLEMENTATIONS = YES;
				CLANG_WARN_DIRECT_OBJC_ISA_USAGE = YES_ERROR;
				CLANG_WARN_DOCUMENTATION_COMMENTS = YES;
				CLANG_WARN_EMPTY_BODY = YES;
				CLANG_WARN_ENUM_CONVERSION = YES;
				CLANG_WARN_INFINITE_RECURSION = YES;
				CLANG_WARN_INT_CONVERSION = YES;
				CLANG_WARN_NON_LITERAL_NULL_CONVERSION = YES;
				CLANG_WARN_OBJC_IMPLICIT_RETAIN_SELF = YES;
				CLANG_WARN_OBJC_LITERAL_CONVERSION = YES;
				CLANG_WARN_OBJC_ROOT_CLASS = YES_ERROR;
				CLANG_WARN_QUOTED_INCLUDE_IN_FRAMEWORK_HEADER = YES;
				CLANG_WARN_RANGE_LOOP_ANALYSIS = YES;
				CLANG_WARN_STRICT_PROTOTYPES = YES;
				CLANG_WARN_SUSPICIOUS_MOVE = YES;
				CLANG_WARN_UNGUARDED_AVAILABILITY = YES_AGGRESSIVE;
				CLANG_WARN_UNREACHABLE_CODE = YES;
				CLANG_WARN__DUPLICATE_METHOD_MATCH = YES;
				COPY_PHASE_STRIP = NO;
				DEBUG_INFORMATION_FORMAT = "dwarf-with-dsym";
				ENABLE_NS_ASSERTIONS = NO;
				ENABLE_STRICT_OBJC_MSGSEND = YES;
				GCC_C_LANGUAGE_STANDARD = gnu11;
				GCC_NO_COMMON_BLOCKS = YES;
				GCC_WARN_64_TO_32_BIT_CONVERSION = YES;
				GCC_WARN_ABOUT_RETURN_TYPE = YES_ERROR;
				GCC_WARN_UNDECLARED_SELECTOR = YES;
				GCC_WARN_UNINITIALIZED_AUTOS = YES_AGGRESSIVE;
				GCC_WARN_UNUSED_FUNCTION = YES;
				GCC_WARN_UNUSED_VARIABLE = YES;
				IPHONEOS_DEPLOYMENT_TARGET = 15.4;
				MTL_ENABLE_DEBUG_INFO = NO;
				MTL_FAST_MATH = YES;
				SDKROOT = iphoneos;
				SWIFT_COMPILATION_MODE = wholemodule;
				SWIFT_OPTIMIZATION_LEVEL = "-O";
				VALIDATE_PRODUCT = YES;
			};
			name = Release;
		};
		98C0E62D28356E4A005C0F2B /* Debug */ = {
			isa = XCBuildConfiguration;
			baseConfigurationReference = 1EDBA0E0CDB4F0DBFE1F3DBC /* Pods-PhotosChallenge.debug.xcconfig */;
			buildSettings = {
				ASSETCATALOG_COMPILER_APPICON_NAME = AppIcon;
				ASSETCATALOG_COMPILER_GLOBAL_ACCENT_COLOR_NAME = AccentColor;
				CODE_SIGN_STYLE = Automatic;
				CURRENT_PROJECT_VERSION = 1;
				DEVELOPMENT_TEAM = S9JTS63CG9;
				GENERATE_INFOPLIST_FILE = YES;
				INFOPLIST_FILE = PhotosChallenge/Info.plist;
				INFOPLIST_KEY_UIApplicationSupportsIndirectInputEvents = YES;
				INFOPLIST_KEY_UILaunchStoryboardName = LaunchScreen;
				INFOPLIST_KEY_UIMainStoryboardFile = Main;
				INFOPLIST_KEY_UISupportedInterfaceOrientations_iPad = "UIInterfaceOrientationPortrait UIInterfaceOrientationPortraitUpsideDown UIInterfaceOrientationLandscapeLeft UIInterfaceOrientationLandscapeRight";
				INFOPLIST_KEY_UISupportedInterfaceOrientations_iPhone = "UIInterfaceOrientationPortrait UIInterfaceOrientationLandscapeLeft UIInterfaceOrientationLandscapeRight";
				LD_RUNPATH_SEARCH_PATHS = (
					"$(inherited)",
					"@executable_path/Frameworks",
				);
				MARKETING_VERSION = 1.0;
				PRODUCT_BUNDLE_IDENTIFIER = com.frontTech.PhotosChallenge;
				PRODUCT_NAME = "$(TARGET_NAME)";
				SWIFT_EMIT_LOC_STRINGS = YES;
				SWIFT_VERSION = 5.0;
				TARGETED_DEVICE_FAMILY = "1,2";
			};
			name = Debug;
		};
		98C0E62E28356E4A005C0F2B /* Release */ = {
			isa = XCBuildConfiguration;
			baseConfigurationReference = 3D6358C50520058020926B48 /* Pods-PhotosChallenge.release.xcconfig */;
			buildSettings = {
				ASSETCATALOG_COMPILER_APPICON_NAME = AppIcon;
				ASSETCATALOG_COMPILER_GLOBAL_ACCENT_COLOR_NAME = AccentColor;
				CODE_SIGN_STYLE = Automatic;
				CURRENT_PROJECT_VERSION = 1;
				DEVELOPMENT_TEAM = S9JTS63CG9;
				GENERATE_INFOPLIST_FILE = YES;
				INFOPLIST_FILE = PhotosChallenge/Info.plist;
				INFOPLIST_KEY_UIApplicationSupportsIndirectInputEvents = YES;
				INFOPLIST_KEY_UILaunchStoryboardName = LaunchScreen;
				INFOPLIST_KEY_UIMainStoryboardFile = Main;
				INFOPLIST_KEY_UISupportedInterfaceOrientations_iPad = "UIInterfaceOrientationPortrait UIInterfaceOrientationPortraitUpsideDown UIInterfaceOrientationLandscapeLeft UIInterfaceOrientationLandscapeRight";
				INFOPLIST_KEY_UISupportedInterfaceOrientations_iPhone = "UIInterfaceOrientationPortrait UIInterfaceOrientationLandscapeLeft UIInterfaceOrientationLandscapeRight";
				LD_RUNPATH_SEARCH_PATHS = (
					"$(inherited)",
					"@executable_path/Frameworks",
				);
				MARKETING_VERSION = 1.0;
				PRODUCT_BUNDLE_IDENTIFIER = com.frontTech.PhotosChallenge;
				PRODUCT_NAME = "$(TARGET_NAME)";
				SWIFT_EMIT_LOC_STRINGS = YES;
				SWIFT_VERSION = 5.0;
				TARGETED_DEVICE_FAMILY = "1,2";
			};
			name = Release;
		};
		98C0E63028356E4A005C0F2B /* Debug */ = {
			isa = XCBuildConfiguration;
			baseConfigurationReference = EF4AD5EB7981A694B6B1044E /* Pods-PhotosChallengeTests.debug.xcconfig */;
			buildSettings = {
				ALWAYS_EMBED_SWIFT_STANDARD_LIBRARIES = YES;
				BUNDLE_LOADER = "$(TEST_HOST)";
				CODE_SIGN_STYLE = Automatic;
				CURRENT_PROJECT_VERSION = 1;
				GENERATE_INFOPLIST_FILE = YES;
				IPHONEOS_DEPLOYMENT_TARGET = 15.4;
				MARKETING_VERSION = 1.0;
				PRODUCT_BUNDLE_IDENTIFIER = com.frontTech.PhotosChallengeTests;
				PRODUCT_NAME = "$(TARGET_NAME)";
				SWIFT_EMIT_LOC_STRINGS = NO;
				SWIFT_VERSION = 5.0;
				TARGETED_DEVICE_FAMILY = "1,2";
				TEST_HOST = "$(BUILT_PRODUCTS_DIR)/PhotosChallenge.app/PhotosChallenge";
			};
			name = Debug;
		};
		98C0E63128356E4A005C0F2B /* Release */ = {
			isa = XCBuildConfiguration;
			baseConfigurationReference = 3331CE3DECF77E464D82B49B /* Pods-PhotosChallengeTests.release.xcconfig */;
			buildSettings = {
				ALWAYS_EMBED_SWIFT_STANDARD_LIBRARIES = YES;
				BUNDLE_LOADER = "$(TEST_HOST)";
				CODE_SIGN_STYLE = Automatic;
				CURRENT_PROJECT_VERSION = 1;
				GENERATE_INFOPLIST_FILE = YES;
				IPHONEOS_DEPLOYMENT_TARGET = 15.4;
				MARKETING_VERSION = 1.0;
				PRODUCT_BUNDLE_IDENTIFIER = com.frontTech.PhotosChallengeTests;
				PRODUCT_NAME = "$(TARGET_NAME)";
				SWIFT_EMIT_LOC_STRINGS = NO;
				SWIFT_VERSION = 5.0;
				TARGETED_DEVICE_FAMILY = "1,2";
				TEST_HOST = "$(BUILT_PRODUCTS_DIR)/PhotosChallenge.app/PhotosChallenge";
			};
			name = Release;
		};
		98C0E63328356E4A005C0F2B /* Debug */ = {
			isa = XCBuildConfiguration;
			baseConfigurationReference = 7DEDB1853D8E74F3BDDC4564 /* Pods-PhotosChallenge-PhotosChallengeUITests.debug.xcconfig */;
			buildSettings = {
				ALWAYS_EMBED_SWIFT_STANDARD_LIBRARIES = YES;
				CODE_SIGN_STYLE = Automatic;
				CURRENT_PROJECT_VERSION = 1;
				GENERATE_INFOPLIST_FILE = YES;
				MARKETING_VERSION = 1.0;
				PRODUCT_BUNDLE_IDENTIFIER = com.frontTech.PhotosChallengeUITests;
				PRODUCT_NAME = "$(TARGET_NAME)";
				SWIFT_EMIT_LOC_STRINGS = NO;
				SWIFT_VERSION = 5.0;
				TARGETED_DEVICE_FAMILY = "1,2";
				TEST_TARGET_NAME = PhotosChallenge;
			};
			name = Debug;
		};
		98C0E63428356E4A005C0F2B /* Release */ = {
			isa = XCBuildConfiguration;
			baseConfigurationReference = 9AC3CD9DD145D474D54B2155 /* Pods-PhotosChallenge-PhotosChallengeUITests.release.xcconfig */;
			buildSettings = {
				ALWAYS_EMBED_SWIFT_STANDARD_LIBRARIES = YES;
				CODE_SIGN_STYLE = Automatic;
				CURRENT_PROJECT_VERSION = 1;
				GENERATE_INFOPLIST_FILE = YES;
				MARKETING_VERSION = 1.0;
				PRODUCT_BUNDLE_IDENTIFIER = com.frontTech.PhotosChallengeUITests;
				PRODUCT_NAME = "$(TARGET_NAME)";
				SWIFT_EMIT_LOC_STRINGS = NO;
				SWIFT_VERSION = 5.0;
				TARGETED_DEVICE_FAMILY = "1,2";
				TEST_TARGET_NAME = PhotosChallenge;
			};
			name = Release;
		};
/* End XCBuildConfiguration section */

/* Begin XCConfigurationList section */
		98C0E5FA28356E47005C0F2B /* Build configuration list for PBXProject "PhotosChallenge" */ = {
			isa = XCConfigurationList;
			buildConfigurations = (
				98C0E62A28356E4A005C0F2B /* Debug */,
				98C0E62B28356E4A005C0F2B /* Release */,
			);
			defaultConfigurationIsVisible = 0;
			defaultConfigurationName = Release;
		};
		98C0E62C28356E4A005C0F2B /* Build configuration list for PBXNativeTarget "PhotosChallenge" */ = {
			isa = XCConfigurationList;
			buildConfigurations = (
				98C0E62D28356E4A005C0F2B /* Debug */,
				98C0E62E28356E4A005C0F2B /* Release */,
			);
			defaultConfigurationIsVisible = 0;
			defaultConfigurationName = Release;
		};
		98C0E62F28356E4A005C0F2B /* Build configuration list for PBXNativeTarget "PhotosChallengeTests" */ = {
			isa = XCConfigurationList;
			buildConfigurations = (
				98C0E63028356E4A005C0F2B /* Debug */,
				98C0E63128356E4A005C0F2B /* Release */,
			);
			defaultConfigurationIsVisible = 0;
			defaultConfigurationName = Release;
		};
		98C0E63228356E4A005C0F2B /* Build configuration list for PBXNativeTarget "PhotosChallengeUITests" */ = {
			isa = XCConfigurationList;
			buildConfigurations = (
				98C0E63328356E4A005C0F2B /* Debug */,
				98C0E63428356E4A005C0F2B /* Release */,
			);
			defaultConfigurationIsVisible = 0;
			defaultConfigurationName = Release;
		};
/* End XCConfigurationList section */

/* Begin XCVersionGroup section */
		98C0E60B28356E47005C0F2B /* PhotosChallenge.xcdatamodeld */ = {
			isa = XCVersionGroup;
			children = (
				98C0E60C28356E47005C0F2B /* PhotosChallenge.xcdatamodel */,
			);
			currentVersion = 98C0E60C28356E47005C0F2B /* PhotosChallenge.xcdatamodel */;
			path = PhotosChallenge.xcdatamodeld;
			sourceTree = "<group>";
			versionGroupType = wrapper.xcdatamodel;
		};
/* End XCVersionGroup section */
	};
	rootObject = 98C0E5F728356E47005C0F2B /* Project object */;
}
